
Microsoft Visual Studio Solution File, Format Version 12.00
# Visual Studio Version 16
VisualStudioVersion = 16.0.30611.23
MinimumVisualStudioVersion = 10.0.40219.1
Project("{9A19103F-16F7-4668-BE54-9A1E7A4F7556}") = "Models", "Models\Models.csproj", "{6AD15FC1-6518-43BE-B4FF-4C7F01F3F907}"
EndProject
Project("{9A19103F-16F7-4668-BE54-9A1E7A4F7556}") = "Api", "Api\Api.csproj", "{DCCCFDA7-825F-457D-9EDA-D136027B8235}"
EndProject
Project("{9A19103F-16F7-4668-BE54-9A1E7A4F7556}") = "DAL", "DAL\DAL.csproj", "{C6DAE70D-6389-4E13-AE5F-8CEDAF675B7E}"
EndProject
Project("{9A19103F-16F7-4668-BE54-9A1E7A4F7556}") = "Services", "Services\Services.csproj", "{292CDCB3-6723-4D1C-9B5F-1CB039CB1CD2}"
EndProject
Project("{9A19103F-16F7-4668-BE54-9A1E7A4F7556}") = "IdentityDAL", "IdentityDAL\IdentityDAL.csproj", "{179DB88B-48B1-43D2-A8AA-39522763577C}"
EndProject
Project("{9A19103F-16F7-4668-BE54-9A1E7A4F7556}") = "Extensions", "Extensions\Extensions.csproj", "{DF8AC5D8-7ACF-4D43-8C73-BAFD373D8D70}"
EndProject
Project("{FAE04EC0-301F-11D3-BF4B-00C04F79EFBC}") = "ApiTest", "ApiTest\ApiTest.csproj", "{C7C9E335-365C-4F45-B1A1-BDA23CCA2840}"
EndProject
Global
	GlobalSection(SolutionConfigurationPlatforms) = preSolution
		Debug|Any CPU = Debug|Any CPU
		Release|Any CPU = Release|Any CPU
	EndGlobalSection
	GlobalSection(ProjectConfigurationPlatforms) = postSolution
		{6AD15FC1-6518-43BE-B4FF-4C7F01F3F907}.Debug|Any CPU.ActiveCfg = Debug|Any CPU
		{6AD15FC1-6518-43BE-B4FF-4C7F01F3F907}.Debug|Any CPU.Build.0 = Debug|Any CPU
		{6AD15FC1-6518-43BE-B4FF-4C7F01F3F907}.Release|Any CPU.ActiveCfg = Release|Any CPU
		{6AD15FC1-6518-43BE-B4FF-4C7F01F3F907}.Release|Any CPU.Build.0 = Release|Any CPU
		{DCCCFDA7-825F-457D-9EDA-D136027B8235}.Debug|Any CPU.ActiveCfg = Debug|Any CPU
		{DCCCFDA7-825F-457D-9EDA-D136027B8235}.Debug|Any CPU.Build.0 = Debug|Any CPU
		{DCCCFDA7-825F-457D-9EDA-D136027B8235}.Release|Any CPU.ActiveCfg = Release|Any CPU
		{DCCCFDA7-825F-457D-9EDA-D136027B8235}.Release|Any CPU.Build.0 = Release|Any CPU
		{C6DAE70D-6389-4E13-AE5F-8CEDAF675B7E}.Debug|Any CPU.ActiveCfg = Debug|Any CPU
		{C6DAE70D-6389-4E13-AE5F-8CEDAF675B7E}.Debug|Any CPU.Build.0 = Debug|Any CPU
		{C6DAE70D-6389-4E13-AE5F-8CEDAF675B7E}.Release|Any CPU.ActiveCfg = Release|Any CPU
		{C6DAE70D-6389-4E13-AE5F-8CEDAF675B7E}.Release|Any CPU.Build.0 = Release|Any CPU
		{292CDCB3-6723-4D1C-9B5F-1CB039CB1CD2}.Debug|Any CPU.ActiveCfg = Debug|Any CPU
		{292CDCB3-6723-4D1C-9B5F-1CB039CB1CD2}.Debug|Any CPU.Build.0 = Debug|Any CPU
		{292CDCB3-6723-4D1C-9B5F-1CB039CB1CD2}.Release|Any CPU.ActiveCfg = Release|Any CPU
		{292CDCB3-6723-4D1C-9B5F-1CB039CB1CD2}.Release|Any CPU.Build.0 = Release|Any CPU
		{179DB88B-48B1-43D2-A8AA-39522763577C}.Debug|Any CPU.ActiveCfg = Debug|Any CPU
		{179DB88B-48B1-43D2-A8AA-39522763577C}.Debug|Any CPU.Build.0 = Debug|Any CPU
		{179DB88B-48B1-43D2-A8AA-39522763577C}.Release|Any CPU.ActiveCfg = Release|Any CPU
		{179DB88B-48B1-43D2-A8AA-39522763577C}.Release|Any CPU.Build.0 = Release|Any CPU
		{DF8AC5D8-7ACF-4D43-8C73-BAFD373D8D70}.Debug|Any CPU.ActiveCfg = Debug|Any CPU
		{DF8AC5D8-7ACF-4D43-8C73-BAFD373D8D70}.Debug|Any CPU.Build.0 = Debug|Any CPU
		{DF8AC5D8-7ACF-4D43-8C73-BAFD373D8D70}.Release|Any CPU.ActiveCfg = Release|Any CPU
		{DF8AC5D8-7ACF-4D43-8C73-BAFD373D8D70}.Release|Any CPU.Build.0 = Release|Any CPU
		{C7C9E335-365C-4F45-B1A1-BDA23CCA2840}.Debug|Any CPU.ActiveCfg = Debug|Any CPU
		{C7C9E335-365C-4F45-B1A1-BDA23CCA2840}.Debug|Any CPU.Build.0 = Debug|Any CPU
		{C7C9E335-365C-4F45-B1A1-BDA23CCA2840}.Release|Any CPU.ActiveCfg = Release|Any CPU
		{C7C9E335-365C-4F45-B1A1-BDA23CCA2840}.Release|Any CPU.Build.0 = Release|Any CPU
	EndGlobalSection
	GlobalSection(SolutionProperties) = preSolution
		HideSolutionNode = FALSE
	EndGlobalSection
	GlobalSection(ExtensibilityGlobals) = postSolution
		SolutionGuid = {F75ABD1D-90DD-4285-94E5-8F011D55EBF0}
	EndGlobalSection
EndGlobal
